
Microsoft Visual Studio Solution File, Format Version 12.00
# Visual Studio Version 16
VisualStudioVersion = 16.0.28803.156
MinimumVisualStudioVersion = 10.0.40219.1
Project("{FAE04EC0-301F-11D3-BF4B-00C04F79EFBC}") = "PasswordVault.Desktop.Winforms", "PasswordVault\PasswordVault.Desktop.Winforms.csproj", "{C065BFC8-C8FA-434A-B506-05FE4087CC11}"
EndProject
Project("{FAE04EC0-301F-11D3-BF4B-00C04F79EFBC}") = "PasswordVaultTests", "PasswordVaultTests\PasswordVaultTests.csproj", "{14D32C5F-F55D-4CC8-B847-01751EDB2C2E}"
EndProject
Project("{FAE04EC0-301F-11D3-BF4B-00C04F79EFBC}") = "PasswordVault.Services", "PasswordVault.Service\PasswordVault.Services.csproj", "{5182F27F-4679-481C-BA03-2E5452A92931}"
EndProject
Project("{FAE04EC0-301F-11D3-BF4B-00C04F79EFBC}") = "PasswordVault.Data", "PasswordVault.Data\PasswordVault.Data.csproj", "{EEF257E6-865B-488C-8FC0-D3D3722D20AB}"
EndProject
Project("{FAE04EC0-301F-11D3-BF4B-00C04F79EFBC}") = "PasswordVault.Models", "PasswordVault.Models\PasswordVault.Models.csproj", "{8DC3B797-CBF4-42DD-B83F-A058A029D47E}"
EndProject
Global
	GlobalSection(SolutionConfigurationPlatforms) = preSolution
		Debug|Any CPU = Debug|Any CPU
		Release|Any CPU = Release|Any CPU
	EndGlobalSection
	GlobalSection(ProjectConfigurationPlatforms) = postSolution
		{C065BFC8-C8FA-434A-B506-05FE4087CC11}.Debug|Any CPU.ActiveCfg = Debug|Any CPU
		{C065BFC8-C8FA-434A-B506-05FE4087CC11}.Debug|Any CPU.Build.0 = Debug|Any CPU
		{C065BFC8-C8FA-434A-B506-05FE4087CC11}.Release|Any CPU.ActiveCfg = Release|Any CPU
		{C065BFC8-C8FA-434A-B506-05FE4087CC11}.Release|Any CPU.Build.0 = Release|Any CPU
		{14D32C5F-F55D-4CC8-B847-01751EDB2C2E}.Debug|Any CPU.ActiveCfg = Debug|Any CPU
		{14D32C5F-F55D-4CC8-B847-01751EDB2C2E}.Debug|Any CPU.Build.0 = Debug|Any CPU
		{14D32C5F-F55D-4CC8-B847-01751EDB2C2E}.Release|Any CPU.ActiveCfg = Release|Any CPU
		{14D32C5F-F55D-4CC8-B847-01751EDB2C2E}.Release|Any CPU.Build.0 = Release|Any CPU
		{5182F27F-4679-481C-BA03-2E5452A92931}.Debug|Any CPU.ActiveCfg = Debug|Any CPU
		{5182F27F-4679-481C-BA03-2E5452A92931}.Debug|Any CPU.Build.0 = Debug|Any CPU
		{5182F27F-4679-481C-BA03-2E5452A92931}.Release|Any CPU.ActiveCfg = Release|Any CPU
		{5182F27F-4679-481C-BA03-2E5452A92931}.Release|Any CPU.Build.0 = Release|Any CPU
		{EEF257E6-865B-488C-8FC0-D3D3722D20AB}.Debug|Any CPU.ActiveCfg = Debug|Any CPU
		{EEF257E6-865B-488C-8FC0-D3D3722D20AB}.Debug|Any CPU.Build.0 = Debug|Any CPU
		{EEF257E6-865B-488C-8FC0-D3D3722D20AB}.Release|Any CPU.ActiveCfg = Release|Any CPU
		{EEF257E6-865B-488C-8FC0-D3D3722D20AB}.Release|Any CPU.Build.0 = Release|Any CPU
		{8DC3B797-CBF4-42DD-B83F-A058A029D47E}.Debug|Any CPU.ActiveCfg = Debug|Any CPU
		{8DC3B797-CBF4-42DD-B83F-A058A029D47E}.Debug|Any CPU.Build.0 = Debug|Any CPU
		{8DC3B797-CBF4-42DD-B83F-A058A029D47E}.Release|Any CPU.ActiveCfg = Release|Any CPU
		{8DC3B797-CBF4-42DD-B83F-A058A029D47E}.Release|Any CPU.Build.0 = Release|Any CPU
	EndGlobalSection
	GlobalSection(SolutionProperties) = preSolution
		HideSolutionNode = FALSE
	EndGlobalSection
	GlobalSection(ExtensibilityGlobals) = postSolution
		SolutionGuid = {29019AEB-776D-4282-95E1-595859725B53}
	EndGlobalSection
EndGlobal
